
Microsoft Visual Studio Solution File, Format Version 12.00
# Visual Studio 14
VisualStudioVersion = 14.0.25420.1
MinimumVisualStudioVersion = 10.0.40219.1
Project("{FAE04EC0-301F-11D3-BF4B-00C04F79EFBC}") = "Fluxy.Web", "Fluxy.Web\Fluxy.Web.csproj", "{16547992-658C-4713-AB74-07BE9B1F6D3D}"
EndProject
Project("{FAE04EC0-301F-11D3-BF4B-00C04F79EFBC}") = "Fluxy.Data", "Fluxy.Data\Fluxy.Data.csproj", "{D25FA26D-27DB-405A-9763-6B20371A88FE}"
EndProject
Project("{FAE04EC0-301F-11D3-BF4B-00C04F79EFBC}") = "Fluxy.Services", "Fluxy.Services\Fluxy.Services.csproj", "{3637211B-E925-4BF7-B2E7-19706BA882E7}"
EndProject
Project("{FAE04EC0-301F-11D3-BF4B-00C04F79EFBC}") = "Fluxy.Repositories", "Fluxy.Repositories\Fluxy.Repositories.csproj", "{7A22DB2F-19DD-4005-99E8-F89053B5E905}"
EndProject
Project("{FAE04EC0-301F-11D3-BF4B-00C04F79EFBC}") = "Fluxy.Misc", "Fluxy.Misc\Fluxy.Misc.csproj", "{90796922-174A-4B6C-9EF2-98461B7AC7C7}"
EndProject
Global
	GlobalSection(SolutionConfigurationPlatforms) = preSolution
		Debug|Any CPU = Debug|Any CPU
		Release|Any CPU = Release|Any CPU
	EndGlobalSection
	GlobalSection(ProjectConfigurationPlatforms) = postSolution
		{16547992-658C-4713-AB74-07BE9B1F6D3D}.Debug|Any CPU.ActiveCfg = Debug|Any CPU
		{16547992-658C-4713-AB74-07BE9B1F6D3D}.Debug|Any CPU.Build.0 = Debug|Any CPU
		{16547992-658C-4713-AB74-07BE9B1F6D3D}.Release|Any CPU.ActiveCfg = Release|Any CPU
		{16547992-658C-4713-AB74-07BE9B1F6D3D}.Release|Any CPU.Build.0 = Release|Any CPU
		{D25FA26D-27DB-405A-9763-6B20371A88FE}.Debug|Any CPU.ActiveCfg = Debug|Any CPU
		{D25FA26D-27DB-405A-9763-6B20371A88FE}.Debug|Any CPU.Build.0 = Debug|Any CPU
		{D25FA26D-27DB-405A-9763-6B20371A88FE}.Release|Any CPU.ActiveCfg = Release|Any CPU
		{D25FA26D-27DB-405A-9763-6B20371A88FE}.Release|Any CPU.Build.0 = Release|Any CPU
		{3637211B-E925-4BF7-B2E7-19706BA882E7}.Debug|Any CPU.ActiveCfg = Debug|Any CPU
		{3637211B-E925-4BF7-B2E7-19706BA882E7}.Debug|Any CPU.Build.0 = Debug|Any CPU
		{3637211B-E925-4BF7-B2E7-19706BA882E7}.Release|Any CPU.ActiveCfg = Release|Any CPU
		{3637211B-E925-4BF7-B2E7-19706BA882E7}.Release|Any CPU.Build.0 = Release|Any CPU
		{7A22DB2F-19DD-4005-99E8-F89053B5E905}.Debug|Any CPU.ActiveCfg = Debug|Any CPU
		{7A22DB2F-19DD-4005-99E8-F89053B5E905}.Debug|Any CPU.Build.0 = Debug|Any CPU
		{7A22DB2F-19DD-4005-99E8-F89053B5E905}.Release|Any CPU.ActiveCfg = Release|Any CPU
		{7A22DB2F-19DD-4005-99E8-F89053B5E905}.Release|Any CPU.Build.0 = Release|Any CPU
		{90796922-174A-4B6C-9EF2-98461B7AC7C7}.Debug|Any CPU.ActiveCfg = Debug|Any CPU
		{90796922-174A-4B6C-9EF2-98461B7AC7C7}.Debug|Any CPU.Build.0 = Debug|Any CPU
		{90796922-174A-4B6C-9EF2-98461B7AC7C7}.Release|Any CPU.ActiveCfg = Release|Any CPU
		{90796922-174A-4B6C-9EF2-98461B7AC7C7}.Release|Any CPU.Build.0 = Release|Any CPU
	EndGlobalSection
	GlobalSection(SolutionProperties) = preSolution
		HideSolutionNode = FALSE
	EndGlobalSection
EndGlobal
